lockfileVersion: '9.0'

settings:
  autoInstallPeers: true
  excludeLinksFromLockfile: false

importers:

  .:
    dependencies:
      ical.js:
        specifier: 2.2.1
        version: 2.2.1

packages:

  ical.js@2.2.1:
    resolution: {integrity: sha512-yK/UlPbEs316igb/tjRgbFA8ZV75rCsBJp/hWOatpyaPNlgw0dGDmU+FoicOcwX4xXkeXOkYiOmCqNPFpNPkQg==}

snapshots:

  ical.js@2.2.1: {}
